
Microsoft Visual Studio Solution File, Format Version 12.00
# Visual Studio Version 17
VisualStudioVersion = 17.0.31903.59
MinimumVisualStudioVersion = 10.0.40219.1
Project("{FAE04EC0-301F-11D3-BF4B-00C04F79EFBC}") = "Produtor", "Produtor\Produtor.csproj", "{C17CF050-C4BE-43F6-8C2F-9D322A9753AF}"
EndProject
Project("{FAE04EC0-301F-11D3-BF4B-00C04F79EFBC}") = "Consumidor", "Consumidor\Consumidor.csproj", "{D571FC07-AA18-4A1D-BF8E-AFED29564325}"
EndProject
Global
	GlobalSection(SolutionConfigurationPlatforms) = preSolution
		Debug|Any CPU = Debug|Any CPU
		Release|Any CPU = Release|Any CPU
	EndGlobalSection
	GlobalSection(SolutionProperties) = preSolution
		HideSolutionNode = FALSE
	EndGlobalSection
	GlobalSection(ProjectConfigurationPlatforms) = postSolution
		{C17CF050-C4BE-43F6-8C2F-9D322A9753AF}.Debug|Any CPU.ActiveCfg = Debug|Any CPU
		{C17CF050-C4BE-43F6-8C2F-9D322A9753AF}.Debug|Any CPU.Build.0 = Debug|Any CPU
		{C17CF050-C4BE-43F6-8C2F-9D322A9753AF}.Release|Any CPU.ActiveCfg = Release|Any CPU
		{C17CF050-C4BE-43F6-8C2F-9D322A9753AF}.Release|Any CPU.Build.0 = Release|Any CPU
		{D571FC07-AA18-4A1D-BF8E-AFED29564325}.Debug|Any CPU.ActiveCfg = Debug|Any CPU
		{D571FC07-AA18-4A1D-BF8E-AFED29564325}.Debug|Any CPU.Build.0 = Debug|Any CPU
		{D571FC07-AA18-4A1D-BF8E-AFED29564325}.Release|Any CPU.ActiveCfg = Release|Any CPU
		{D571FC07-AA18-4A1D-BF8E-AFED29564325}.Release|Any CPU.Build.0 = Release|Any CPU
	EndGlobalSection
EndGlobal
